
Microsoft Visual Studio Solution File, Format Version 12.00
Project("{FAE04EC0-301F-11D3-BF4B-00C04F79EFBC}") = "C01_Basics", "C01_Basics\C01_Basics.csproj", "{9566FB6E-338F-4654-AEC5-25CBF4ACA530}"
EndProject
Project("{FAE04EC0-301F-11D3-BF4B-00C04F79EFBC}") = "C02_DataTypesAndVariables", "C02_DataTypesAndVariables\C02_DataTypesAndVariables.csproj", "{C7E009CE-2BBC-41AA-BAC7-5BC27A7E5EC9}"
EndProject
Global
	GlobalSection(SolutionConfigurationPlatforms) = preSolution
		Debug|Any CPU = Debug|Any CPU
		Release|Any CPU = Release|Any CPU
	EndGlobalSection
	GlobalSection(ProjectConfigurationPlatforms) = postSolution
		{9566FB6E-338F-4654-AEC5-25CBF4ACA530}.Debug|Any CPU.ActiveCfg = Debug|Any CPU
		{9566FB6E-338F-4654-AEC5-25CBF4ACA530}.Debug|Any CPU.Build.0 = Debug|Any CPU
		{9566FB6E-338F-4654-AEC5-25CBF4ACA530}.Release|Any CPU.ActiveCfg = Release|Any CPU
		{9566FB6E-338F-4654-AEC5-25CBF4ACA530}.Release|Any CPU.Build.0 = Release|Any CPU
		{C7E009CE-2BBC-41AA-BAC7-5BC27A7E5EC9}.Debug|Any CPU.ActiveCfg = Debug|Any CPU
		{C7E009CE-2BBC-41AA-BAC7-5BC27A7E5EC9}.Debug|Any CPU.Build.0 = Debug|Any CPU
		{C7E009CE-2BBC-41AA-BAC7-5BC27A7E5EC9}.Release|Any CPU.ActiveCfg = Release|Any CPU
		{C7E009CE-2BBC-41AA-BAC7-5BC27A7E5EC9}.Release|Any CPU.Build.0 = Release|Any CPU
	EndGlobalSection
EndGlobal
